
Microsoft Visual Studio Solution File, Format Version 12.00
Project("{FAE04EC0-301F-11D3-BF4B-00C04F79EFBC}") = "devops-app-api", "devops-app-api.csproj", "{1CB102A7-2B21-438D-9F1A-CC419146D178}"
EndProject
Global
	GlobalSection(SolutionConfigurationPlatforms) = preSolution
		Debug|Any CPU = Debug|Any CPU
		Release|Any CPU = Release|Any CPU
	EndGlobalSection
	GlobalSection(ProjectConfigurationPlatforms) = postSolution
		{1CB102A7-2B21-438D-9F1A-CC419146D178}.Debug|Any CPU.ActiveCfg = Debug|Any CPU
		{1CB102A7-2B21-438D-9F1A-CC419146D178}.Debug|Any CPU.Build.0 = Debug|Any CPU
		{1CB102A7-2B21-438D-9F1A-CC419146D178}.Release|Any CPU.ActiveCfg = Release|Any CPU
		{1CB102A7-2B21-438D-9F1A-CC419146D178}.Release|Any CPU.Build.0 = Release|Any CPU
	EndGlobalSection
EndGlobal
